
Microsoft Visual Studio Solution File, Format Version 12.00
# Visual Studio Version 17
VisualStudioVersion = 17.9.34728.123
MinimumVisualStudioVersion = 10.0.40219.1
Project("{2150E333-8FDC-42A3-9474-1A3956D46DE8}") = "Solution Items", "Solution Items", "{D30F3161-D070-4F45-BA99-A955C15BB0BA}"
	ProjectSection(SolutionItems) = preProject
		arrays.css = arrays.css
		arrays.html = arrays.html
		datatypes.html = datatypes.html
		homework.html = homework.html
		hw-arrays.html = hw-arrays.html
		index.html = index.html
		intro.html = intro.html
	EndProjectSection
EndProject
Global
	GlobalSection(SolutionProperties) = preSolution
		HideSolutionNode = FALSE
	EndGlobalSection
	GlobalSection(ExtensibilityGlobals) = postSolution
		SolutionGuid = {ACBA109A-204B-43BF-929F-D4FCFA3D522B}
	EndGlobalSection
EndGlobal
